
Microsoft Visual Studio Solution File, Format Version 12.00
# Visual Studio Version 17
VisualStudioVersion = 17.5.002.0
MinimumVisualStudioVersion = 10.0.40219.1
Project("{9A19103F-16F7-4668-BE54-9A1E7A4F7556}") = "CollectiveComments", "CollectiveComments.csproj", "{8CC32706-6208-4449-9120-4479DE4880EE}"
EndProject
Global
	GlobalSection(SolutionConfigurationPlatforms) = preSolution
		Debug|Any CPU = Debug|Any CPU
		Release|Any CPU = Release|Any CPU
	EndGlobalSection
	GlobalSection(ProjectConfigurationPlatforms) = postSolution
		{8CC32706-6208-4449-9120-4479DE4880EE}.Debug|Any CPU.ActiveCfg = Debug|Any CPU
		{8CC32706-6208-4449-9120-4479DE4880EE}.Debug|Any CPU.Build.0 = Debug|Any CPU
		{8CC32706-6208-4449-9120-4479DE4880EE}.Release|Any CPU.ActiveCfg = Release|Any CPU
		{8CC32706-6208-4449-9120-4479DE4880EE}.Release|Any CPU.Build.0 = Release|Any CPU
	EndGlobalSection
	GlobalSection(SolutionProperties) = preSolution
		HideSolutionNode = FALSE
	EndGlobalSection
	GlobalSection(ExtensibilityGlobals) = postSolution
		SolutionGuid = {81EBFFEA-7703-47E8-B285-4A2C90E74F48}
	EndGlobalSection
EndGlobal
